
Microsoft Visual Studio Solution File, Format Version 12.00
# Visual Studio Version 17
VisualStudioVersion = 17.14.36915.13
MinimumVisualStudioVersion = 10.0.40219.1
Project("{FAE04EC0-301F-11D3-BF4B-00C04F79EFBC}") = "DentalClinicDoctor", "DentalClinicDoctor\DentalClinicDoctor.csproj", "{B84BE03F-E91E-4066-B805-5B7D289F3442}"
EndProject
Global
	GlobalSection(SolutionConfigurationPlatforms) = preSolution
		Debug|Any CPU = Debug|Any CPU
		Release|Any CPU = Release|Any CPU
	EndGlobalSection
	GlobalSection(ProjectConfigurationPlatforms) = postSolution
		{B84BE03F-E91E-4066-B805-5B7D289F3442}.Debug|Any CPU.ActiveCfg = Debug|Any CPU
		{B84BE03F-E91E-4066-B805-5B7D289F3442}.Debug|Any CPU.Build.0 = Debug|Any CPU
		{B84BE03F-E91E-4066-B805-5B7D289F3442}.Release|Any CPU.ActiveCfg = Release|Any CPU
		{B84BE03F-E91E-4066-B805-5B7D289F3442}.Release|Any CPU.Build.0 = Release|Any CPU
	EndGlobalSection
	GlobalSection(SolutionProperties) = preSolution
		HideSolutionNode = FALSE
	EndGlobalSection
	GlobalSection(ExtensibilityGlobals) = postSolution
		SolutionGuid = {209BA1D4-B55A-488E-9E07-963C07D4AAE7}
	EndGlobalSection
EndGlobal
